
Microsoft Visual Studio Solution File, Format Version 12.00
# Visual Studio Version 17
VisualStudioVersion = 17.6.33815.320
MinimumVisualStudioVersion = 10.0.40219.1
Project("{FAE04EC0-301F-11D3-BF4B-00C04F79EFBC}") = "MortalKombatDB", "MortalKombatDB\MortalKombatDB.csproj", "{F070CAC3-4498-4D11-B08C-BE955919B952}"
EndProject
Global
	GlobalSection(SolutionConfigurationPlatforms) = preSolution
		Debug|Any CPU = Debug|Any CPU
		Release|Any CPU = Release|Any CPU
	EndGlobalSection
	GlobalSection(ProjectConfigurationPlatforms) = postSolution
		{F070CAC3-4498-4D11-B08C-BE955919B952}.Debug|Any CPU.ActiveCfg = Debug|Any CPU
		{F070CAC3-4498-4D11-B08C-BE955919B952}.Debug|Any CPU.Build.0 = Debug|Any CPU
		{F070CAC3-4498-4D11-B08C-BE955919B952}.Release|Any CPU.ActiveCfg = Release|Any CPU
		{F070CAC3-4498-4D11-B08C-BE955919B952}.Release|Any CPU.Build.0 = Release|Any CPU
	EndGlobalSection
	GlobalSection(SolutionProperties) = preSolution
		HideSolutionNode = FALSE
	EndGlobalSection
	GlobalSection(ExtensibilityGlobals) = postSolution
		SolutionGuid = {1B2A9DD5-8103-4910-B02B-FCA6654FEE81}
	EndGlobalSection
EndGlobal
